
Microsoft Visual Studio Solution File, Format Version 12.00
# Visual Studio Version 16
VisualStudioVersion = 16.0.30611.23
MinimumVisualStudioVersion = 10.0.40219.1
Project("{9A19103F-16F7-4668-BE54-9A1E7A4F7556}") = "SistemaInventario", "SistemaInventario\SistemaInventario.csproj", "{89D5EE4E-E23B-4FC8-BE9B-1095E4279FE9}"
EndProject
Project("{9A19103F-16F7-4668-BE54-9A1E7A4F7556}") = "SistemaInventario.AccesoDatos", "SistemaInventario.AccesoDatos\SistemaInventario.AccesoDatos.csproj", "{3932FE78-C58E-4043-9D0A-3F52A2812221}"
EndProject
Project("{9A19103F-16F7-4668-BE54-9A1E7A4F7556}") = "SistemaInventario.Modelos", "SistemaInventario.Modelos\SistemaInventario.Modelos.csproj", "{6F404043-7FF8-45A6-98A8-CEA6E6E66E22}"
EndProject
Project("{9A19103F-16F7-4668-BE54-9A1E7A4F7556}") = "SistemaInventario.Utilidades", "SistemaInventario.Utilidades\SistemaInventario.Utilidades.csproj", "{A8BB35A6-FC51-4B93-A464-8DA95A4A6A97}"
EndProject
Global
	GlobalSection(SolutionConfigurationPlatforms) = preSolution
		Debug|Any CPU = Debug|Any CPU
		Release|Any CPU = Release|Any CPU
	EndGlobalSection
	GlobalSection(ProjectConfigurationPlatforms) = postSolution
		{89D5EE4E-E23B-4FC8-BE9B-1095E4279FE9}.Debug|Any CPU.ActiveCfg = Debug|Any CPU
		{89D5EE4E-E23B-4FC8-BE9B-1095E4279FE9}.Debug|Any CPU.Build.0 = Debug|Any CPU
		{89D5EE4E-E23B-4FC8-BE9B-1095E4279FE9}.Release|Any CPU.ActiveCfg = Release|Any CPU
		{89D5EE4E-E23B-4FC8-BE9B-1095E4279FE9}.Release|Any CPU.Build.0 = Release|Any CPU
		{3932FE78-C58E-4043-9D0A-3F52A2812221}.Debug|Any CPU.ActiveCfg = Debug|Any CPU
		{3932FE78-C58E-4043-9D0A-3F52A2812221}.Debug|Any CPU.Build.0 = Debug|Any CPU
		{3932FE78-C58E-4043-9D0A-3F52A2812221}.Release|Any CPU.ActiveCfg = Release|Any CPU
		{3932FE78-C58E-4043-9D0A-3F52A2812221}.Release|Any CPU.Build.0 = Release|Any CPU
		{6F404043-7FF8-45A6-98A8-CEA6E6E66E22}.Debug|Any CPU.ActiveCfg = Debug|Any CPU
		{6F404043-7FF8-45A6-98A8-CEA6E6E66E22}.Debug|Any CPU.Build.0 = Debug|Any CPU
		{6F404043-7FF8-45A6-98A8-CEA6E6E66E22}.Release|Any CPU.ActiveCfg = Release|Any CPU
		{6F404043-7FF8-45A6-98A8-CEA6E6E66E22}.Release|Any CPU.Build.0 = Release|Any CPU
		{A8BB35A6-FC51-4B93-A464-8DA95A4A6A97}.Debug|Any CPU.ActiveCfg = Debug|Any CPU
		{A8BB35A6-FC51-4B93-A464-8DA95A4A6A97}.Debug|Any CPU.Build.0 = Debug|Any CPU
		{A8BB35A6-FC51-4B93-A464-8DA95A4A6A97}.Release|Any CPU.ActiveCfg = Release|Any CPU
		{A8BB35A6-FC51-4B93-A464-8DA95A4A6A97}.Release|Any CPU.Build.0 = Release|Any CPU
	EndGlobalSection
	GlobalSection(SolutionProperties) = preSolution
		HideSolutionNode = FALSE
	EndGlobalSection
	GlobalSection(ExtensibilityGlobals) = postSolution
		SolutionGuid = {B4DDAE12-318E-49ED-846A-EB19B54048C0}
	EndGlobalSection
EndGlobal
